github.com/hailaz/gotest/v2 v2.0.28 h1:i6g3iZyWO9ds5OiCnnpQIh15kZmGK/Q2KznIsRfOFt8=
github.com/hailaz/gotest/v2 v2.0.28/go.mod h1:B2EdDZyCXGAki0Ljpux15YoV4KSot5bIWfWQURlzQRM=
github.com/hailaz/gotest/v2 v2.0.41 h1:PnpwLt8TJjmrl085dYi9D0oRTKNcN79bTZdD8mkKkIo=
github.com/hailaz/gotest/v2 v2.0.41/go.mod h1:B2EdDZyCXGAki0Ljpux15YoV4KSot5bIWfWQURlzQRM=
